// !$*UTF8*$!
{
	archiveVersion = 1;
	classes = {
	};
	objectVersion = 77;
	objects = {

/* Begin PBXContainerItemProxy section */
		D5041D902DFA8F45005F71CC /* PBXContainerItemProxy */ = {
			isa = PBXContainerItemProxy;
			containerPortal = D5041D782DFA8F43005F71CC /* Project object */;
			proxyType = 1;
			remoteGlobalIDString = D5041D7F2DFA8F43005F71CC;
			remoteInfo = HiraganaMatchingGame;
		};
		D5041D9A2DFA8F45005F71CC /* PBXContainerItemProxy */ = {
			isa = PBXContainerItemProxy;
			containerPortal = D5041D782DFA8F43005F71CC /* Project object */;
			proxyType = 1;
			remoteGlobalIDString = D5041D7F2DFA8F43005F71CC;
			remoteInfo = HiraganaMatchingGame;
		};
/* End PBXContainerItemProxy section */

/* Begin PBXFileReference section */
		D5041D802DFA8F43005F71CC /* HiraganaMatchingGame.app */ = {isa = PBXFileReference; explicitFileType = wrapper.application; includeInIndex = 0; path = HiraganaMatchingGame.app; sourceTree = BUILT_PRODUCTS_DIR; };
		D5041D8F2DFA8F45005F71CC /* HiraganaMatchingGameTests.xctest */ = {isa = PBXFileReference; explicitFileType = wrapper.cfbundle; includeInIndex = 0; path = HiraganaMatchingGameTests.xctest; sourceTree = BUILT_PRODUCTS_DIR; };
		D5041D992DFA8F45005F71CC /* HiraganaMatchingGameUITests.xctest */ = {isa = PBXFileReference; explicitFileType = wrapper.cfbundle; includeInIndex = 0; path = HiraganaMatchingGameUITests.xctest; sourceTree = BUILT_PRODUCTS_DIR; };
/* End PBXFileReference section */

/* Begin PBXFileSystemSynchronizedRootGroup section */
		D5041D822DFA8F43005F71CC /* HiraganaMatchingGame */ = {
			isa = PBXFileSystemSynchronizedRootGroup;
			path = HiraganaMatchingGame;
			sourceTree = "<group>";
		};
		D5041D922DFA8F45005F71CC /* HiraganaMatchingGameTests */ = {
			isa = PBXFileSystemSynchronizedRootGroup;
			path = HiraganaMatchingGameTests;
			sourceTree = "<group>";
		};
		D5041D9C2DFA8F45005F71CC /* HiraganaMatchingGameUITests */ = {
			isa = PBXFileSystemSynchronizedRootGroup;
			path = HiraganaMatchingGameUITests;
			sourceTree = "<group>";
		};
/* End PBXFileSystemSynchronizedRootGroup section */

/* Begin PBXFrameworksBuildPhase section */
		D5041D7D2DFA8F43005F71CC /* Frameworks */ = {
			isa = PBXFrameworksBuildPhase;
			buildActionMask = 2147483647;
			files = (
			);
			runOnlyForDeploymentPostprocessing = 0;
		};
		D5041D8C2DFA8F45005F71CC /* Frameworks */ = {
			isa = PBXFrameworksBuildPhase;
			buildActionMask = 2147483647;
			files = (
			);
			runOnlyForDeploymentPostprocessing = 0;
		};
		D5041D962DFA8F45005F71CC /* Frameworks */ = {
			isa = PBXFrameworksBuildPhase;
			buildActionMask = 2147483647;
			files = (
			);
			runOnlyForDeploymentPostprocessing = 0;
		};
/* End PBXFrameworksBuildPhase section */

/* Begin PBXGroup section */
		D5041D772DFA8F43005F71CC = {
			isa = PBXGroup;
			children = (
				D5041D822DFA8F43005F71CC /* HiraganaMatchingGame */,
				D5041D922DFA8F45005F71CC /* HiraganaMatchingGameTests */,
				D5041D9C2DFA8F45005F71CC /* HiraganaMatchingGameUITests */,
				D5041D812DFA8F43005F71CC /* Products */,
			);
			sourceTree = "<group>";
		};
		D5041D812DFA8F43005F71CC /* Products */ = {
			isa = PBXGroup;
			children = (
				D5041D802DFA8F43005F71CC /* HiraganaMatchingGame.app */,
				D5041D8F2DFA8F45005F71CC /* HiraganaMatchingGameTests.xctest */,
				D5041D992DFA8F45005F71CC /* HiraganaMatchingGameUITests.xctest */,
			);
			name = Products;
			sourceTree = "<group>";
		};
/* End PBXGroup section */

/* Begin PBXNativeTarget section */
		D5041D7F2DFA8F43005F71CC /* HiraganaMatchingGame */ = {
			isa = PBXNativeTarget;
			buildConfigurationList = D5041DA32DFA8F45005F71CC /* Build configuration list for PBXNativeTarget "HiraganaMatchingGame" */;
			buildPhases = (
				D5041D7C2DFA8F43005F71CC /* Sources */,
				D5041D7D2DFA8F43005F71CC /* Frameworks */,
				D5041D7E2DFA8F43005F71CC /* Resources */,
			);
			buildRules = (
			);
			dependencies = (
			);
			fileSystemSynchronizedGroups = (
				D5041D822DFA8F43005F71CC /* HiraganaMatchingGame */,
			);
			name = HiraganaMatchingGame;
			packageProductDependencies = (
			);
			productName = HiraganaMatchingGame;
			productReference = D5041D802DFA8F43005F71CC /* HiraganaMatchingGame.app */;
			productType = "com.apple.product-type.application";
		};
		D5041D8E2DFA8F45005F71CC /* HiraganaMatchingGameTests */ = {
			isa = PBXNativeTarget;
			buildConfigurationList = D5041DA62DFA8F45005F71CC /* Build configuration list for PBXNativeTarget "HiraganaMatchingGameTests" */;
			buildPhases = (
				D5041D8B2DFA8F45005F71CC /* Sources */,
				D5041D8C2DFA8F45005F71CC /* Frameworks */,
				D5041D8D2DFA8F45005F71CC /* Resources */,
			);
			buildRules = (
			);
			dependencies = (
				D5041D912DFA8F45005F71CC /* PBXTargetDependency */,
			);
			fileSystemSynchronizedGroups = (
				D5041D922DFA8F45005F71CC /* HiraganaMatchingGameTests */,
			);
			name = HiraganaMatchingGameTests;
			packageProductDependencies = (
			);
			productName = HiraganaMatchingGameTests;
			productReference = D5041D8F2DFA8F45005F71CC /* HiraganaMatchingGameTests.xctest */;
			productType = "com.apple.product-type.bundle.unit-test";
		};
		D5041D982DFA8F45005F71CC /* HiraganaMatchingGameUITests */ = {
			isa = PBXNativeTarget;
			buildConfigurationList = D5041DA92DFA8F45005F71CC /* Build configuration list for PBXNativeTarget "HiraganaMatchingGameUITests" */;
			buildPhases = (
				D5041D952DFA8F45005F71CC /* Sources */,
				D5041D962DFA8F45005F71CC /* Frameworks */,
				D5041D972DFA8F45005F71CC /* Resources */,
			);
			buildRules = (
			);
			dependencies = (
				D5041D9B2DFA8F45005F71CC /* PBXTargetDependency */,
			);
			fileSystemSynchronizedGroups = (
				D5041D9C2DFA8F45005F71CC /* HiraganaMatchingGameUITests */,
			);
			name = HiraganaMatchingGameUITests;
			packageProductDependencies = (
			);
			productName = HiraganaMatchingGameUITests;
			productReference = D5041D992DFA8F45005F71CC /* HiraganaMatchingGameUITests.xctest */;
			productType = "com.apple.product-type.bundle.ui-testing";
		};
/* End PBXNativeTarget section */

/* Begin PBXProject section */
		D5041D782DFA8F43005F71CC /* Project object */ = {
			isa = PBXProject;
			attributes = {
				BuildIndependentTargetsInParallel = 1;
				LastSwiftUpdateCheck = 1640;
				LastUpgradeCheck = 1640;
				TargetAttributes = {
					D5041D7F2DFA8F43005F71CC = {
						CreatedOnToolsVersion = 16.4;
					};
					D5041D8E2DFA8F45005F71CC = {
						CreatedOnToolsVersion = 16.4;
						TestTargetID = D5041D7F2DFA8F43005F71CC;
					};
					D5041D982DFA8F45005F71CC = {
						CreatedOnToolsVersion = 16.4;
						TestTargetID = D5041D7F2DFA8F43005F71CC;
					};
				};
			};
			buildConfigurationList = D5041D7B2DFA8F43005F71CC /* Build configuration list for PBXProject "HiraganaMatchingGame" */;
			developmentRegion = en;
			hasScannedForEncodings = 0;
			knownRegions = (
				en,
				Base,
			);
			mainGroup = D5041D772DFA8F43005F71CC;
			minimizedProjectReferenceProxies = 1;
			preferredProjectObjectVersion = 77;
			productRefGroup = D5041D812DFA8F43005F71CC /* Products */;
			projectDirPath = "";
			projectRoot = "";
			targets = (
				D5041D7F2DFA8F43005F71CC /* HiraganaMatchingGame */,
				D5041D8E2DFA8F45005F71CC /* HiraganaMatchingGameTests */,
				D5041D982DFA8F45005F71CC /* HiraganaMatchingGameUITests */,
			);
		};
/* End PBXProject section */

/* Begin PBXResourcesBuildPhase section */
		D5041D7E2DFA8F43005F71CC /* Resources */ = {
			isa = PBXResourcesBuildPhase;
			buildActionMask = 2147483647;
			files = (
			);
			runOnlyForDeploymentPostprocessing = 0;
		};
		D5041D8D2DFA8F45005F71CC /* Resources */ = {
			isa = PBXResourcesBuildPhase;
			buildActionMask = 2147483647;
			files = (
			);
			runOnlyForDeploymentPostprocessing = 0;
		};
		D5041D972DFA8F45005F71CC /* Resources */ = {
			isa = PBXResourcesBuildPhase;
			buildActionMask = 2147483647;
			files = (
			);
			runOnlyForDeploymentPostprocessing = 0;
		};
/* End PBXResourcesBuildPhase section */

/* Begin PBXSourcesBuildPhase section */
		D5041D7C2DFA8F43005F71CC /* Sources */ = {
			isa = PBXSourcesBuildPhase;
			buildActionMask = 2147483647;
			files = (
			);
			runOnlyForDeploymentPostprocessing = 0;
		};
		D5041D8B2DFA8F45005F71CC /* Sources */ = {
			isa = PBXSourcesBuildPhase;
			buildActionMask = 2147483647;
			files = (
			);
			runOnlyForDeploymentPostprocessing = 0;
		};
		D5041D952DFA8F45005F71CC /* Sources */ = {
			isa = PBXSourcesBuildPhase;
			buildActionMask = 2147483647;
			files = (
			);
			runOnlyForDeploymentPostprocessing = 0;
		};
/* End PBXSourcesBuildPhase section */

/* Begin PBXTargetDependency section */
		D5041D912DFA8F45005F71CC /* PBXTargetDependency */ = {
			isa = PBXTargetDependency;
			target = D5041D7F2DFA8F43005F71CC /* HiraganaMatchingGame */;
			targetProxy = D5041D902DFA8F45005F71CC /* PBXContainerItemProxy */;
		};
		D5041D9B2DFA8F45005F71CC /* PBXTargetDependency */ = {
			isa = PBXTargetDependency;
			target = D5041D7F2DFA8F43005F71CC /* HiraganaMatchingGame */;
			targetProxy = D5041D9A2DFA8F45005F71CC /* PBXContainerItemProxy */;
		};
/* End PBXTargetDependency section */

/* Begin XCBuildConfiguration section */
		D5041DA12DFA8F45005F71CC /* Debug */ = {
			isa = XCBuildConfiguration;
			buildSettings = {
				ALWAYS_SEARCH_USER_PATHS = NO;
				ASSETCATALOG_COMPILER_GENERATE_SWIFT_ASSET_SYMBOL_EXTENSIONS = YES;
				CLANG_ANALYZER_NONNULL = YES;
				CLANG_ANALYZER_NUMBER_OBJECT_CONVERSION = YES_AGGRESSIVE;
				CLANG_CXX_LANGUAGE_STANDARD = "gnu++20";
				CLANG_ENABLE_MODULES = YES;
				CLANG_ENABLE_OBJC_ARC = YES;
				CLANG_ENABLE_OBJC_WEAK = YES;
				CLANG_WARN_BLOCK_CAPTURE_AUTORELEASING = YES;
				CLANG_WARN_BOOL_CONVERSION = YES;
				CLANG_WARN_COMMA = YES;
				CLANG_WARN_CONSTANT_CONVERSION = YES;
				CLANG_WARN_DEPRECATED_OBJC_IMPLEMENTATIONS = YES;
				CLANG_WARN_DIRECT_OBJC_ISA_USAGE = YES_ERROR;
				CLANG_WARN_DOCUMENTATION_COMMENTS = YES;
				CLANG_WARN_EMPTY_BODY = YES;
				CLANG_WARN_ENUM_CONVERSION = YES;
				CLANG_WARN_INFINITE_RECURSION = YES;
				CLANG_WARN_INT_CONVERSION = YES;
				CLANG_WARN_NON_LITERAL_NULL_CONVERSION = YES;
				CLANG_WARN_OBJC_IMPLICIT_RETAIN_SELF = YES;
				CLANG_WARN_OBJC_LITERAL_CONVERSION = YES;
				CLANG_WARN_OBJC_ROOT_CLASS = YES_ERROR;
				CLANG_WARN_QUOTED_INCLUDE_IN_FRAMEWORK_HEADER = YES;
				CLANG_WARN_RANGE_LOOP_ANALYSIS = YES;
				CLANG_WARN_STRICT_PROTOTYPES = YES;
				CLANG_WARN_SUSPICIOUS_MOVE = YES;
				CLANG_WARN_UNGUARDED_AVAILABILITY = YES_AGGRESSIVE;
				CLANG_WARN_UNREACHABLE_CODE = YES;
				CLANG_WARN__DUPLICATE_METHOD_MATCH = YES;
				COPY_PHASE_STRIP = NO;
				DEBUG_INFORMATION_FORMAT = dwarf;
				DEVELOPMENT_TEAM = UUD4WPFJTD;
				ENABLE_STRICT_OBJC_MSGSEND = YES;
				ENABLE_TESTABILITY = YES;
				ENABLE_USER_SCRIPT_SANDBOXING = YES;
				GCC_C_LANGUAGE_STANDARD = gnu17;
				GCC_DYNAMIC_NO_PIC = NO;
				GCC_NO_COMMON_BLOCKS = YES;
				GCC_OPTIMIZATION_LEVEL = 0;
				GCC_PREPROCESSOR_DEFINITIONS = (
					"DEBUG=1",
					"$(inherited)",
				);
				GCC_WARN_64_TO_32_BIT_CONVERSION = YES;
				GCC_WARN_ABOUT_RETURN_TYPE = YES_ERROR;
				GCC_WARN_UNDECLARED_SELECTOR = YES;
				GCC_WARN_UNINITIALIZED_AUTOS = YES_AGGRESSIVE;
				GCC_WARN_UNUSED_FUNCTION = YES;
				GCC_WARN_UNUSED_VARIABLE = YES;
				IPHONEOS_DEPLOYMENT_TARGET = 18.5;
				LOCALIZATION_PREFERS_STRING_CATALOGS = YES;
				MTL_ENABLE_DEBUG_INFO = INCLUDE_SOURCE;
				MTL_FAST_MATH = YES;
				ONLY_ACTIVE_ARCH = YES;
				SDKROOT = iphoneos;
				SWIFT_ACTIVE_COMPILATION_CONDITIONS = "DEBUG $(inherited)";
				SWIFT_OPTIMIZATION_LEVEL = "-Onone";
			};
			name = Debug;
		};
		D5041DA22DFA8F45005F71CC /* Release */ = {
			isa = XCBuildConfiguration;
			buildSettings = {
				ALWAYS_SEARCH_USER_PATHS = NO;
				ASSETCATALOG_COMPILER_GENERATE_SWIFT_ASSET_SYMBOL_EXTENSIONS = YES;
				CLANG_ANALYZER_NONNULL = YES;
				CLANG_ANALYZER_NUMBER_OBJECT_CONVERSION = YES_AGGRESSIVE;
				CLANG_CXX_LANGUAGE_STANDARD = "gnu++20";
				CLANG_ENABLE_MODULES = YES;
				CLANG_ENABLE_OBJC_ARC = YES;
				CLANG_ENABLE_OBJC_WEAK = YES;
				CLANG_WARN_BLOCK_CAPTURE_AUTORELEASING = YES;
				CLANG_WARN_BOOL_CONVERSION = YES;
				CLANG_WARN_COMMA = YES;
				CLANG_WARN_CONSTANT_CONVERSION = YES;
				CLANG_WARN_DEPRECATED_OBJC_IMPLEMENTATIONS = YES;
				CLANG_WARN_DIRECT_OBJC_ISA_USAGE = YES_ERROR;
				CLANG_WARN_DOCUMENTATION_COMMENTS = YES;
				CLANG_WARN_EMPTY_BODY = YES;
				CLANG_WARN_ENUM_CONVERSION = YES;
				CLANG_WARN_INFINITE_RECURSION = YES;
				CLANG_WARN_INT_CONVERSION = YES;
				CLANG_WARN_NON_LITERAL_NULL_CONVERSION = YES;
				CLANG_WARN_OBJC_IMPLICIT_RETAIN_SELF = YES;
				CLANG_WARN_OBJC_LITERAL_CONVERSION = YES;
				CLANG_WARN_OBJC_ROOT_CLASS = YES_ERROR;
				CLANG_WARN_QUOTED_INCLUDE_IN_FRAMEWORK_HEADER = YES;
				CLANG_WARN_RANGE_LOOP_ANALYSIS = YES;
				CLANG_WARN_STRICT_PROTOTYPES = YES;
				CLANG_WARN_SUSPICIOUS_MOVE = YES;
				CLANG_WARN_UNGUARDED_AVAILABILITY = YES_AGGRESSIVE;
				CLANG_WARN_UNREACHABLE_CODE = YES;
				CLANG_WARN__DUPLICATE_METHOD_MATCH = YES;
				COPY_PHASE_STRIP = NO;
				DEBUG_INFORMATION_FORMAT = "dwarf-with-dsym";
				DEVELOPMENT_TEAM = UUD4WPFJTD;
				ENABLE_NS_ASSERTIONS = NO;
				ENABLE_STRICT_OBJC_MSGSEND = YES;
				ENABLE_USER_SCRIPT_SANDBOXING = YES;
				GCC_C_LANGUAGE_STANDARD = gnu17;
				GCC_NO_COMMON_BLOCKS = YES;
				GCC_WARN_64_TO_32_BIT_CONVERSION = YES;
				GCC_WARN_ABOUT_RETURN_TYPE = YES_ERROR;
				GCC_WARN_UNDECLARED_SELECTOR = YES;
				GCC_WARN_UNINITIALIZED_AUTOS = YES_AGGRESSIVE;
				GCC_WARN_UNUSED_FUNCTION = YES;
				GCC_WARN_UNUSED_VARIABLE = YES;
				IPHONEOS_DEPLOYMENT_TARGET = 18.5;
				LOCALIZATION_PREFERS_STRING_CATALOGS = YES;
				MTL_ENABLE_DEBUG_INFO = NO;
				MTL_FAST_MATH = YES;
				SDKROOT = iphoneos;
				SWIFT_COMPILATION_MODE = wholemodule;
				VALIDATE_PRODUCT = YES;
			};
			name = Release;
		};
		D5041DA42DFA8F45005F71CC /* Debug */ = {
			isa = XCBuildConfiguration;
			buildSettings = {
				ASSETCATALOG_COMPILER_APPICON_NAME = AppIcon;
				ASSETCATALOG_COMPILER_GLOBAL_ACCENT_COLOR_NAME = AccentColor;
				CODE_SIGN_STYLE = Automatic;
				CURRENT_PROJECT_VERSION = 1;
				DEVELOPMENT_TEAM = UUD4WPFJTD;
				ENABLE_PREVIEWS = YES;
				GENERATE_INFOPLIST_FILE = YES;
				INFOPLIST_KEY_UIApplicationSceneManifest_Generation = YES;
				INFOPLIST_KEY_UIApplicationSupportsIndirectInputEvents = YES;
				INFOPLIST_KEY_UILaunchScreen_Generation = YES;
				INFOPLIST_KEY_UISupportedInterfaceOrientations_iPad = "UIInterfaceOrientationPortrait UIInterfaceOrientationPortraitUpsideDown UIInterfaceOrientationLandscapeLeft UIInterfaceOrientationLandscapeRight";
				INFOPLIST_KEY_UISupportedInterfaceOrientations_iPhone = "UIInterfaceOrientationPortrait UIInterfaceOrientationLandscapeLeft UIInterfaceOrientationLandscapeRight";
				LD_RUNPATH_SEARCH_PATHS = (
					"$(inherited)",
					"@executable_path/Frameworks",
				);
				MARKETING_VERSION = 1.0;
				PRODUCT_BUNDLE_IDENTIFIER = com.asapapalab.HiraganaMatchingGame;
				PRODUCT_NAME = "$(TARGET_NAME)";
				SWIFT_EMIT_LOC_STRINGS = YES;
				SWIFT_VERSION = 5.0;
				TARGETED_DEVICE_FAMILY = "1,2";
			};
			name = Debug;
		};
		D5041DA52DFA8F45005F71CC /* Release */ = {
			isa = XCBuildConfiguration;
			buildSettings = {
				ASSETCATALOG_COMPILER_APPICON_NAME = AppIcon;
				ASSETCATALOG_COMPILER_GLOBAL_ACCENT_COLOR_NAME = AccentColor;
				CODE_SIGN_STYLE = Automatic;
				CURRENT_PROJECT_VERSION = 1;
				DEVELOPMENT_TEAM = UUD4WPFJTD;
				ENABLE_PREVIEWS = YES;
				GENERATE_INFOPLIST_FILE = YES;
				INFOPLIST_KEY_UIApplicationSceneManifest_Generation = YES;
				INFOPLIST_KEY_UIApplicationSupportsIndirectInputEvents = YES;
				INFOPLIST_KEY_UILaunchScreen_Generation = YES;
				INFOPLIST_KEY_UISupportedInterfaceOrientations_iPad = "UIInterfaceOrientationPortrait UIInterfaceOrientationPortraitUpsideDown UIInterfaceOrientationLandscapeLeft UIInterfaceOrientationLandscapeRight";
				INFOPLIST_KEY_UISupportedInterfaceOrientations_iPhone = "UIInterfaceOrientationPortrait UIInterfaceOrientationLandscapeLeft UIInterfaceOrientationLandscapeRight";
				LD_RUNPATH_SEARCH_PATHS = (
					"$(inherited)",
					"@executable_path/Frameworks",
				);
				MARKETING_VERSION = 1.0;
				PRODUCT_BUNDLE_IDENTIFIER = com.asapapalab.HiraganaMatchingGame;
				PRODUCT_NAME = "$(TARGET_NAME)";
				SWIFT_EMIT_LOC_STRINGS = YES;
				SWIFT_VERSION = 5.0;
				TARGETED_DEVICE_FAMILY = "1,2";
			};
			name = Release;
		};
		D5041DA72DFA8F45005F71CC /* Debug */ = {
			isa = XCBuildConfiguration;
			buildSettings = {
				BUNDLE_LOADER = "$(TEST_HOST)";
				CODE_SIGN_STYLE = Automatic;
				CURRENT_PROJECT_VERSION = 1;
				DEVELOPMENT_TEAM = UUD4WPFJTD;
				GENERATE_INFOPLIST_FILE = YES;
				IPHONEOS_DEPLOYMENT_TARGET = 18.5;
				MARKETING_VERSION = 1.0;
				PRODUCT_BUNDLE_IDENTIFIER = com.asapapalab.HiraganaMatchingGameTests;
				PRODUCT_NAME = "$(TARGET_NAME)";
				SWIFT_EMIT_LOC_STRINGS = NO;
				SWIFT_VERSION = 5.0;
				TARGETED_DEVICE_FAMILY = "1,2";
				TEST_HOST = "$(BUILT_PRODUCTS_DIR)/HiraganaMatchingGame.app/$(BUNDLE_EXECUTABLE_FOLDER_PATH)/HiraganaMatchingGame";
			};
			name = Debug;
		};
		D5041DA82DFA8F45005F71CC /* Release */ = {
			isa = XCBuildConfiguration;
			buildSettings = {
				BUNDLE_LOADER = "$(TEST_HOST)";
				CODE_SIGN_STYLE = Automatic;
				CURRENT_PROJECT_VERSION = 1;
				DEVELOPMENT_TEAM = UUD4WPFJTD;
				GENERATE_INFOPLIST_FILE = YES;
				IPHONEOS_DEPLOYMENT_TARGET = 18.5;
				MARKETING_VERSION = 1.0;
				PRODUCT_BUNDLE_IDENTIFIER = com.asapapalab.HiraganaMatchingGameTests;
				PRODUCT_NAME = "$(TARGET_NAME)";
				SWIFT_EMIT_LOC_STRINGS = NO;
				SWIFT_VERSION = 5.0;
				TARGETED_DEVICE_FAMILY = "1,2";
				TEST_HOST = "$(BUILT_PRODUCTS_DIR)/HiraganaMatchingGame.app/$(BUNDLE_EXECUTABLE_FOLDER_PATH)/HiraganaMatchingGame";
			};
			name = Release;
		};
		D5041DAA2DFA8F45005F71CC /* Debug */ = {
			isa = XCBuildConfiguration;
			buildSettings = {
				CODE_SIGN_STYLE = Automatic;
				CURRENT_PROJECT_VERSION = 1;
				DEVELOPMENT_TEAM = UUD4WPFJTD;
				GENERATE_INFOPLIST_FILE = YES;
				MARKETING_VERSION = 1.0;
				PRODUCT_BUNDLE_IDENTIFIER = com.asapapalab.HiraganaMatchingGameUITests;
				PRODUCT_NAME = "$(TARGET_NAME)";
				SWIFT_EMIT_LOC_STRINGS = NO;
				SWIFT_VERSION = 5.0;
				TARGETED_DEVICE_FAMILY = "1,2";
				TEST_TARGET_NAME = HiraganaMatchingGame;
			};
			name = Debug;
		};
		D5041DAB2DFA8F45005F71CC /* Release */ = {
			isa = XCBuildConfiguration;
			buildSettings = {
				CODE_SIGN_STYLE = Automatic;
				CURRENT_PROJECT_VERSION = 1;
				DEVELOPMENT_TEAM = UUD4WPFJTD;
				GENERATE_INFOPLIST_FILE = YES;
				MARKETING_VERSION = 1.0;
				PRODUCT_BUNDLE_IDENTIFIER = com.asapapalab.HiraganaMatchingGameUITests;
				PRODUCT_NAME = "$(TARGET_NAME)";
				SWIFT_EMIT_LOC_STRINGS = NO;
				SWIFT_VERSION = 5.0;
				TARGETED_DEVICE_FAMILY = "1,2";
				TEST_TARGET_NAME = HiraganaMatchingGame;
			};
			name = Release;
		};
/* End XCBuildConfiguration section */

/* Begin XCConfigurationList section */
		D5041D7B2DFA8F43005F71CC /* Build configuration list for PBXProject "HiraganaMatchingGame" */ = {
			isa = XCConfigurationList;
			buildConfigurations = (
				D5041DA12DFA8F45005F71CC /* Debug */,
				D5041DA22DFA8F45005F71CC /* Release */,
			);
			defaultConfigurationIsVisible = 0;
			defaultConfigurationName = Release;
		};
		D5041DA32DFA8F45005F71CC /* Build configuration list for PBXNativeTarget "HiraganaMatchingGame" */ = {
			isa = XCConfigurationList;
			buildConfigurations = (
				D5041DA42DFA8F45005F71CC /* Debug */,
				D5041DA52DFA8F45005F71CC /* Release */,
			);
			defaultConfigurationIsVisible = 0;
			defaultConfigurationName = Release;
		};
		D5041DA62DFA8F45005F71CC /* Build configuration list for PBXNativeTarget "HiraganaMatchingGameTests" */ = {
			isa = XCConfigurationList;
			buildConfigurations = (
				D5041DA72DFA8F45005F71CC /* Debug */,
				D5041DA82DFA8F45005F71CC /* Release */,
			);
			defaultConfigurationIsVisible = 0;
			defaultConfigurationName = Release;
		};
		D5041DA92DFA8F45005F71CC /* Build configuration list for PBXNativeTarget "HiraganaMatchingGameUITests" */ = {
			isa = XCConfigurationList;
			buildConfigurations = (
				D5041DAA2DFA8F45005F71CC /* Debug */,
				D5041DAB2DFA8F45005F71CC /* Release */,
			);
			defaultConfigurationIsVisible = 0;
			defaultConfigurationName = Release;
		};
/* End XCConfigurationList section */
	};
	rootObject = D5041D782DFA8F43005F71CC /* Project object */;
}
